lockfileVersion: '9.0'

settings:
  autoInstallPeers: true
  excludeLinksFromLockfile: false

importers:

  .:
    dependencies:
      '@repo/ui':
        specifier: workspace:*
        version: link:../../sathprithika/packages/ui
      '@supabase/supabase-js':
        specifier: ^2.91.0
        version: 2.91.0
    devDependencies:
      '@repo/eslint-config':
        specifier: workspace:*
        version: link:../../sathprithika/packages/eslint-config
      '@repo/typescript-config':
        specifier: workspace:*
        version: link:../../sathprithika/packages/typescript-config

packages:

  '@supabase/auth-js@2.91.0':
    resolution: {integrity: sha512-9ywvsKLsxTwv7fvN5fXzP3UfRreqrX2waylTBDu0lkmeHXa8WtSQS9e0WV9FBduiazYqQbgfBQXBNPRPsRgWOQ==}
    engines: {node: '>=20.0.0'}

  '@supabase/functions-js@2.91.0':
    resolution: {integrity: sha512-WaakXOqLK1mLtBNFXp5o5T+LlI6KZuADSeXz+9ofPRG5OpVSvW148LVJB1DRZ16Phck1a0YqIUswOUgxCz6vMw==}
    engines: {node: '>=20.0.0'}

  '@supabase/postgrest-js@2.91.0':
    resolution: {integrity: sha512-5S41zv2euNpGucvtM4Wy+xOmLznqt/XO+Lh823LOFEQ00ov7QJfvqb6VzIxufvzhooZpmGR0BxvMcJtWxCIFdQ==}
    engines: {node: '>=20.0.0'}

  '@supabase/realtime-js@2.91.0':
    resolution: {integrity: sha512-u2YuJFG35umw8DO9beC27L/jYXm3KhF+73WQwbynMpV0tXsFIA0DOGRM0NgRyy03hJIdO6mxTTwe8efW3yx3Tg==}
    engines: {node: '>=20.0.0'}

  '@supabase/storage-js@2.91.0':
    resolution: {integrity: sha512-CI7fsVIBQHfNObqU9kmyQ1GWr+Ug44y4rSpvxT4LdQB9tlhg1NTBov6z7Dlmt8d6lGi/8a9lf/epCDxyWI792g==}
    engines: {node: '>=20.0.0'}

  '@supabase/supabase-js@2.91.0':
    resolution: {integrity: sha512-Rjb0QqkKrmXMVwUOdEqysPBZ0ZDZakeptTkUa6k2d8r3strBdbWVDqjOdkCjAmvvZMtXecBeyTyMEXD1Zzjfvg==}
    engines: {node: '>=20.0.0'}

  '@types/node@22.19.7':
    resolution: {integrity: sha512-MciR4AKGHWl7xwxkBa6xUGxQJ4VBOmPTF7sL+iGzuahOFaO0jHCsuEfS80pan1ef4gWId1oWOweIhrDEYLuaOw==}

  '@types/phoenix@1.6.7':
    resolution: {integrity: sha512-oN9ive//QSBkf19rfDv45M7eZPi0eEXylht2OLEXicu5b4KoQ1OzXIw+xDSGWxSxe1JmepRR/ZH283vsu518/Q==}

  '@types/ws@8.18.1':
    resolution: {integrity: sha512-ThVF6DCVhA8kUGy+aazFQ4kXQ7E1Ty7A3ypFOe0IcJV8O/M511G99AW24irKrW56Wt44yG9+ij8FaqoBGkuBXg==}

  iceberg-js@0.8.1:
    resolution: {integrity: sha512-1dhVQZXhcHje7798IVM+xoo/1ZdVfzOMIc8/rgVSijRK38EDqOJoGula9N/8ZI5RD8QTxNQtK/Gozpr+qUqRRA==}
    engines: {node: '>=20.0.0'}

  tslib@2.8.1:
    resolution: {integrity: sha512-oJFu94HQb+KVduSUQL7wnpmqnfmLsOA/nAh6b6EH0wCEoK0/mPeXU6c3wKDV83MkOuHPRHtSXKKU99IBazS/2w==}

  undici-types@6.21.0:
    resolution: {integrity: sha512-iwDZqg0QAGrg9Rav5H4n0M64c3mkR59cJ6wQp+7C4nI0gsmExaedaYLNO44eT4AtBBwjbTiGPMlt2Md0T9H9JQ==}

  ws@8.19.0:
    resolution: {integrity: sha512-blAT2mjOEIi0ZzruJfIhb3nps74PRWTCz1IjglWEEpQl5XS/UNama6u2/rjFkDDouqr4L67ry+1aGIALViWjDg==}
    engines: {node: '>=10.0.0'}
    peerDependencies:
      bufferutil: ^4.0.1
      utf-8-validate: '>=5.0.2'
    peerDependenciesMeta:
      bufferutil:
        optional: true
      utf-8-validate:
        optional: true

snapshots:

  '@supabase/auth-js@2.91.0':
    dependencies:
      tslib: 2.8.1

  '@supabase/functions-js@2.91.0':
    dependencies:
      tslib: 2.8.1

  '@supabase/postgrest-js@2.91.0':
    dependencies:
      tslib: 2.8.1

  '@supabase/realtime-js@2.91.0':
    dependencies:
      '@types/phoenix': 1.6.7
      '@types/ws': 8.18.1
      tslib: 2.8.1
      ws: 8.19.0
    transitivePeerDependencies:
      - bufferutil
      - utf-8-validate

  '@supabase/storage-js@2.91.0':
    dependencies:
      iceberg-js: 0.8.1
      tslib: 2.8.1

  '@supabase/supabase-js@2.91.0':
    dependencies:
      '@supabase/auth-js': 2.91.0
      '@supabase/functions-js': 2.91.0
      '@supabase/postgrest-js': 2.91.0
      '@supabase/realtime-js': 2.91.0
      '@supabase/storage-js': 2.91.0
    transitivePeerDependencies:
      - bufferutil
      - utf-8-validate

  '@types/node@22.19.7':
    dependencies:
      undici-types: 6.21.0

  '@types/phoenix@1.6.7': {}

  '@types/ws@8.18.1':
    dependencies:
      '@types/node': 22.19.7

  iceberg-js@0.8.1: {}

  tslib@2.8.1: {}

  undici-types@6.21.0: {}

  ws@8.19.0: {}
